
Microsoft Visual Studio Solution File, Format Version 12.00
# Visual Studio Version 17
VisualStudioVersion = 17.5.33516.290
MinimumVisualStudioVersion = 10.0.40219.1
Project("{8BC9CEB8-8B4A-11D0-8D11-00A0C91BC942}") = "Compulsory 1", "Compulsory 1\Compulsory 1.vcxproj", "{1F87439B-A5F2-4131-B6C3-8A88E1120739}"
EndProject
Project("{8BC9CEB8-8B4A-11D0-8D11-00A0C91BC942}") = "RandomJunk", "RandomJunk\RandomJunk.vcxproj", "{3CAA0324-CE56-4F28-8B98-74A1CE9225F8}"
EndProject
Global
	GlobalSection(SolutionConfigurationPlatforms) = preSolution
		Debug|x64 = Debug|x64
		Debug|x86 = Debug|x86
		Release|x64 = Release|x64
		Release|x86 = Release|x86
	EndGlobalSection
	GlobalSection(ProjectConfigurationPlatforms) = postSolution
		{1F87439B-A5F2-4131-B6C3-8A88E1120739}.Debug|x64.ActiveCfg = Debug|x64
		{1F87439B-A5F2-4131-B6C3-8A88E1120739}.Debug|x64.Build.0 = Debug|x64
		{1F87439B-A5F2-4131-B6C3-8A88E1120739}.Debug|x86.ActiveCfg = Debug|Win32
		{1F87439B-A5F2-4131-B6C3-8A88E1120739}.Debug|x86.Build.0 = Debug|Win32
		{1F87439B-A5F2-4131-B6C3-8A88E1120739}.Release|x64.ActiveCfg = Release|x64
		{1F87439B-A5F2-4131-B6C3-8A88E1120739}.Release|x64.Build.0 = Release|x64
		{1F87439B-A5F2-4131-B6C3-8A88E1120739}.Release|x86.ActiveCfg = Release|Win32
		{1F87439B-A5F2-4131-B6C3-8A88E1120739}.Release|x86.Build.0 = Release|Win32
		{3CAA0324-CE56-4F28-8B98-74A1CE9225F8}.Debug|x64.ActiveCfg = Debug|x64
		{3CAA0324-CE56-4F28-8B98-74A1CE9225F8}.Debug|x64.Build.0 = Debug|x64
		{3CAA0324-CE56-4F28-8B98-74A1CE9225F8}.Debug|x86.ActiveCfg = Debug|Win32
		{3CAA0324-CE56-4F28-8B98-74A1CE9225F8}.Debug|x86.Build.0 = Debug|Win32
		{3CAA0324-CE56-4F28-8B98-74A1CE9225F8}.Release|x64.ActiveCfg = Release|x64
		{3CAA0324-CE56-4F28-8B98-74A1CE9225F8}.Release|x64.Build.0 = Release|x64
		{3CAA0324-CE56-4F28-8B98-74A1CE9225F8}.Release|x86.ActiveCfg = Release|Win32
		{3CAA0324-CE56-4F28-8B98-74A1CE9225F8}.Release|x86.Build.0 = Release|Win32
	EndGlobalSection
	GlobalSection(SolutionProperties) = preSolution
		HideSolutionNode = FALSE
	EndGlobalSection
	GlobalSection(ExtensibilityGlobals) = postSolution
		SolutionGuid = {75537D64-9A10-46BC-95E6-D42BB00C1FFD}
	EndGlobalSection
EndGlobal
